
Microsoft Visual Studio Solution File, Format Version 12.00
# Visual Studio Version 17
VisualStudioVersion = 17.9.34728.123
MinimumVisualStudioVersion = 10.0.40219.1
Project("{2150E333-8FDC-42A3-9474-1A3956D46DE8}") = "Services", "Services", "{43DA9A87-BC86-49C5-8D58-3AE669D28C4D}"
EndProject
Project("{2150E333-8FDC-42A3-9474-1A3956D46DE8}") = "WebApps", "WebApps", "{EB4C9A2F-4A1C-440F-BED6-056804C76DDA}"
EndProject
Project("{2150E333-8FDC-42A3-9474-1A3956D46DE8}") = "Cadastros", "Cadastros", "{3BD9B5C6-21BE-44B0-94CE-47DDBE3B4E69}"
EndProject
Project("{2150E333-8FDC-42A3-9474-1A3956D46DE8}") = "Catalogo", "Catalogo", "{F8D293B8-8D7E-4126-9FFA-6D3CB81CCF41}"
EndProject
Project("{2150E333-8FDC-42A3-9474-1A3956D46DE8}") = "Core", "Core", "{525FA1D9-C62C-4D90-BA67-6D509DE7664A}"
EndProject
Project("{2150E333-8FDC-42A3-9474-1A3956D46DE8}") = "Fiscal", "Fiscal", "{FD9F943C-FABD-47B4-9CF9-BBF3031EB781}"
EndProject
Project("{2150E333-8FDC-42A3-9474-1A3956D46DE8}") = "Pagamentos", "Pagamentos", "{6AE6D8F8-D242-4666-9F49-53EA32F44B88}"
EndProject
Project("{2150E333-8FDC-42A3-9474-1A3956D46DE8}") = "Vendas", "Vendas", "{F7A6D34B-30CA-4CCB-9174-DFEED9178EDC}"
EndProject
Project("{9A19103F-16F7-4668-BE54-9A1E7A4F7556}") = "NerdStore.Catalogo.Domain", "src\NerdStore.Catalogo.Domain\NerdStore.Catalogo.Domain.csproj", "{11F48B5B-F570-46F2-8CCB-DF3FFD8CFC54}"
EndProject
Project("{9A19103F-16F7-4668-BE54-9A1E7A4F7556}") = "NerdStore.Core", "src\NerdStore.Core\NerdStore.Core.csproj", "{3DEFABB9-C2DF-4E4D-BDB2-6DD8201088FC}"
EndProject
Project("{2150E333-8FDC-42A3-9474-1A3956D46DE8}") = "Tests", "Tests", "{BC1734CC-2592-4C3C-B80E-A38889736EF8}"
EndProject
Project("{9A19103F-16F7-4668-BE54-9A1E7A4F7556}") = "NerdStore.Catalogo.Domain.Tests", "tests\NerdStore.Catalogo.Domain.Tests\NerdStore.Catalogo.Domain.Tests.csproj", "{13355D56-5FFE-4436-9BB4-D6B40F6D1979}"
EndProject
Project("{9A19103F-16F7-4668-BE54-9A1E7A4F7556}") = "NerdStore.Catalogo.Data", "src\NerdStore.Catalogo.Data\NerdStore.Catalogo.Data.csproj", "{614C6C05-83A9-4D0C-9636-237D4F66DB47}"
EndProject
Project("{9A19103F-16F7-4668-BE54-9A1E7A4F7556}") = "NerdStore.Catalogo.Application", "src\NerdStore.Catalogo.Application\NerdStore.Catalogo.Application.csproj", "{D67E36A5-DBAF-4BE1-BF30-3232DCD43864}"
EndProject
Project("{9A19103F-16F7-4668-BE54-9A1E7A4F7556}") = "NerdStore.Vendas.Domain", "src\NerdStore.Vendas.Domain\NerdStore.Vendas.Domain.csproj", "{43A4E27C-6C2D-489D-9A67-2C2CCE5B96D1}"
EndProject
Project("{9A19103F-16F7-4668-BE54-9A1E7A4F7556}") = "NerdStore.Vendas.Application", "src\NerdStore.Vendas.Application\NerdStore.Vendas.Application.csproj", "{D9DF3D84-79E8-416C-9D29-F16302E31CAB}"
EndProject
Project("{9A19103F-16F7-4668-BE54-9A1E7A4F7556}") = "NerdStore.Vendas.Data", "src\NerdStore.Vendas.Data\NerdStore.Vendas.Data.csproj", "{EB7EAD8E-6B88-4935-A9F4-48EF70DBAA1D}"
EndProject
Project("{9A19103F-16F7-4668-BE54-9A1E7A4F7556}") = "NerdStore.Pagamentos.AntiCorruption", "src\NerdStore.Pagamentos.AntiCorruption\NerdStore.Pagamentos.AntiCorruption.csproj", "{660C6B70-1A5F-4F93-A80F-F2795846B8D1}"
EndProject
Project("{9A19103F-16F7-4668-BE54-9A1E7A4F7556}") = "NerdStore.WebApp.Mvc", "src\NerdStore.WebApp.Mvc\NerdStore.WebApp.Mvc.csproj", "{D5078C6F-DD94-4510-8E3D-AC9B3B856AB3}"
EndProject
Project("{9A19103F-16F7-4668-BE54-9A1E7A4F7556}") = "NerdStore.Pagamentos.Business", "src\NerdStore.Pagamentos.Business\NerdStore.Pagamentos.Business.csproj", "{F2E8FF18-CD25-4C80-A2FE-E2297DE98272}"
EndProject
Project("{9A19103F-16F7-4668-BE54-9A1E7A4F7556}") = "NerdStore.Pagamentos.Data", "src\NerdStore.Pagamentos.Data\NerdStore.Pagamentos.Data.csproj", "{5FBA2A20-D7F3-40F8-8D54-0821C0270FAB}"
EndProject
Global
	GlobalSection(SolutionConfigurationPlatforms) = preSolution
		Debug|Any CPU = Debug|Any CPU
		Release|Any CPU = Release|Any CPU
	EndGlobalSection
	GlobalSection(ProjectConfigurationPlatforms) = postSolution
		{11F48B5B-F570-46F2-8CCB-DF3FFD8CFC54}.Debug|Any CPU.ActiveCfg = Debug|Any CPU
		{11F48B5B-F570-46F2-8CCB-DF3FFD8CFC54}.Debug|Any CPU.Build.0 = Debug|Any CPU
		{11F48B5B-F570-46F2-8CCB-DF3FFD8CFC54}.Release|Any CPU.ActiveCfg = Release|Any CPU
		{11F48B5B-F570-46F2-8CCB-DF3FFD8CFC54}.Release|Any CPU.Build.0 = Release|Any CPU
		{3DEFABB9-C2DF-4E4D-BDB2-6DD8201088FC}.Debug|Any CPU.ActiveCfg = Debug|Any CPU
		{3DEFABB9-C2DF-4E4D-BDB2-6DD8201088FC}.Debug|Any CPU.Build.0 = Debug|Any CPU
		{3DEFABB9-C2DF-4E4D-BDB2-6DD8201088FC}.Release|Any CPU.ActiveCfg = Release|Any CPU
		{3DEFABB9-C2DF-4E4D-BDB2-6DD8201088FC}.Release|Any CPU.Build.0 = Release|Any CPU
		{13355D56-5FFE-4436-9BB4-D6B40F6D1979}.Debug|Any CPU.ActiveCfg = Debug|Any CPU
		{13355D56-5FFE-4436-9BB4-D6B40F6D1979}.Debug|Any CPU.Build.0 = Debug|Any CPU
		{13355D56-5FFE-4436-9BB4-D6B40F6D1979}.Release|Any CPU.ActiveCfg = Release|Any CPU
		{13355D56-5FFE-4436-9BB4-D6B40F6D1979}.Release|Any CPU.Build.0 = Release|Any CPU
		{614C6C05-83A9-4D0C-9636-237D4F66DB47}.Debug|Any CPU.ActiveCfg = Debug|Any CPU
		{614C6C05-83A9-4D0C-9636-237D4F66DB47}.Debug|Any CPU.Build.0 = Debug|Any CPU
		{614C6C05-83A9-4D0C-9636-237D4F66DB47}.Release|Any CPU.ActiveCfg = Release|Any CPU
		{614C6C05-83A9-4D0C-9636-237D4F66DB47}.Release|Any CPU.Build.0 = Release|Any CPU
		{D67E36A5-DBAF-4BE1-BF30-3232DCD43864}.Debug|Any CPU.ActiveCfg = Debug|Any CPU
		{D67E36A5-DBAF-4BE1-BF30-3232DCD43864}.Debug|Any CPU.Build.0 = Debug|Any CPU
		{D67E36A5-DBAF-4BE1-BF30-3232DCD43864}.Release|Any CPU.ActiveCfg = Release|Any CPU
		{D67E36A5-DBAF-4BE1-BF30-3232DCD43864}.Release|Any CPU.Build.0 = Release|Any CPU
		{43A4E27C-6C2D-489D-9A67-2C2CCE5B96D1}.Debug|Any CPU.ActiveCfg = Debug|Any CPU
		{43A4E27C-6C2D-489D-9A67-2C2CCE5B96D1}.Debug|Any CPU.Build.0 = Debug|Any CPU
		{43A4E27C-6C2D-489D-9A67-2C2CCE5B96D1}.Release|Any CPU.ActiveCfg = Release|Any CPU
		{43A4E27C-6C2D-489D-9A67-2C2CCE5B96D1}.Release|Any CPU.Build.0 = Release|Any CPU
		{D9DF3D84-79E8-416C-9D29-F16302E31CAB}.Debug|Any CPU.ActiveCfg = Debug|Any CPU
		{D9DF3D84-79E8-416C-9D29-F16302E31CAB}.Debug|Any CPU.Build.0 = Debug|Any CPU
		{D9DF3D84-79E8-416C-9D29-F16302E31CAB}.Release|Any CPU.ActiveCfg = Release|Any CPU
		{D9DF3D84-79E8-416C-9D29-F16302E31CAB}.Release|Any CPU.Build.0 = Release|Any CPU
		{EB7EAD8E-6B88-4935-A9F4-48EF70DBAA1D}.Debug|Any CPU.ActiveCfg = Debug|Any CPU
		{EB7EAD8E-6B88-4935-A9F4-48EF70DBAA1D}.Debug|Any CPU.Build.0 = Debug|Any CPU
		{EB7EAD8E-6B88-4935-A9F4-48EF70DBAA1D}.Release|Any CPU.ActiveCfg = Release|Any CPU
		{EB7EAD8E-6B88-4935-A9F4-48EF70DBAA1D}.Release|Any CPU.Build.0 = Release|Any CPU
		{660C6B70-1A5F-4F93-A80F-F2795846B8D1}.Debug|Any CPU.ActiveCfg = Debug|Any CPU
		{660C6B70-1A5F-4F93-A80F-F2795846B8D1}.Debug|Any CPU.Build.0 = Debug|Any CPU
		{660C6B70-1A5F-4F93-A80F-F2795846B8D1}.Release|Any CPU.ActiveCfg = Release|Any CPU
		{660C6B70-1A5F-4F93-A80F-F2795846B8D1}.Release|Any CPU.Build.0 = Release|Any CPU
		{D5078C6F-DD94-4510-8E3D-AC9B3B856AB3}.Debug|Any CPU.ActiveCfg = Debug|Any CPU
		{D5078C6F-DD94-4510-8E3D-AC9B3B856AB3}.Debug|Any CPU.Build.0 = Debug|Any CPU
		{D5078C6F-DD94-4510-8E3D-AC9B3B856AB3}.Release|Any CPU.ActiveCfg = Release|Any CPU
		{D5078C6F-DD94-4510-8E3D-AC9B3B856AB3}.Release|Any CPU.Build.0 = Release|Any CPU
		{F2E8FF18-CD25-4C80-A2FE-E2297DE98272}.Debug|Any CPU.ActiveCfg = Debug|Any CPU
		{F2E8FF18-CD25-4C80-A2FE-E2297DE98272}.Debug|Any CPU.Build.0 = Debug|Any CPU
		{F2E8FF18-CD25-4C80-A2FE-E2297DE98272}.Release|Any CPU.ActiveCfg = Release|Any CPU
		{F2E8FF18-CD25-4C80-A2FE-E2297DE98272}.Release|Any CPU.Build.0 = Release|Any CPU
		{5FBA2A20-D7F3-40F8-8D54-0821C0270FAB}.Debug|Any CPU.ActiveCfg = Debug|Any CPU
		{5FBA2A20-D7F3-40F8-8D54-0821C0270FAB}.Debug|Any CPU.Build.0 = Debug|Any CPU
		{5FBA2A20-D7F3-40F8-8D54-0821C0270FAB}.Release|Any CPU.ActiveCfg = Release|Any CPU
		{5FBA2A20-D7F3-40F8-8D54-0821C0270FAB}.Release|Any CPU.Build.0 = Release|Any CPU
	EndGlobalSection
	GlobalSection(SolutionProperties) = preSolution
		HideSolutionNode = FALSE
	EndGlobalSection
	GlobalSection(NestedProjects) = preSolution
		{3BD9B5C6-21BE-44B0-94CE-47DDBE3B4E69} = {43DA9A87-BC86-49C5-8D58-3AE669D28C4D}
		{F8D293B8-8D7E-4126-9FFA-6D3CB81CCF41} = {43DA9A87-BC86-49C5-8D58-3AE669D28C4D}
		{525FA1D9-C62C-4D90-BA67-6D509DE7664A} = {43DA9A87-BC86-49C5-8D58-3AE669D28C4D}
		{FD9F943C-FABD-47B4-9CF9-BBF3031EB781} = {43DA9A87-BC86-49C5-8D58-3AE669D28C4D}
		{6AE6D8F8-D242-4666-9F49-53EA32F44B88} = {43DA9A87-BC86-49C5-8D58-3AE669D28C4D}
		{F7A6D34B-30CA-4CCB-9174-DFEED9178EDC} = {43DA9A87-BC86-49C5-8D58-3AE669D28C4D}
		{11F48B5B-F570-46F2-8CCB-DF3FFD8CFC54} = {F8D293B8-8D7E-4126-9FFA-6D3CB81CCF41}
		{3DEFABB9-C2DF-4E4D-BDB2-6DD8201088FC} = {525FA1D9-C62C-4D90-BA67-6D509DE7664A}
		{BC1734CC-2592-4C3C-B80E-A38889736EF8} = {F8D293B8-8D7E-4126-9FFA-6D3CB81CCF41}
		{13355D56-5FFE-4436-9BB4-D6B40F6D1979} = {BC1734CC-2592-4C3C-B80E-A38889736EF8}
		{614C6C05-83A9-4D0C-9636-237D4F66DB47} = {F8D293B8-8D7E-4126-9FFA-6D3CB81CCF41}
		{D67E36A5-DBAF-4BE1-BF30-3232DCD43864} = {F8D293B8-8D7E-4126-9FFA-6D3CB81CCF41}
		{43A4E27C-6C2D-489D-9A67-2C2CCE5B96D1} = {F7A6D34B-30CA-4CCB-9174-DFEED9178EDC}
		{D9DF3D84-79E8-416C-9D29-F16302E31CAB} = {F7A6D34B-30CA-4CCB-9174-DFEED9178EDC}
		{EB7EAD8E-6B88-4935-A9F4-48EF70DBAA1D} = {F7A6D34B-30CA-4CCB-9174-DFEED9178EDC}
		{660C6B70-1A5F-4F93-A80F-F2795846B8D1} = {6AE6D8F8-D242-4666-9F49-53EA32F44B88}
		{D5078C6F-DD94-4510-8E3D-AC9B3B856AB3} = {EB4C9A2F-4A1C-440F-BED6-056804C76DDA}
		{F2E8FF18-CD25-4C80-A2FE-E2297DE98272} = {6AE6D8F8-D242-4666-9F49-53EA32F44B88}
		{5FBA2A20-D7F3-40F8-8D54-0821C0270FAB} = {6AE6D8F8-D242-4666-9F49-53EA32F44B88}
	EndGlobalSection
	GlobalSection(ExtensibilityGlobals) = postSolution
		SolutionGuid = {2D5A24B0-EFD6-48EF-975B-9C8207D00B0D}
	EndGlobalSection
EndGlobal
